<Solution>
  <Folder Name="/src/">
    <Project Path="src/Ago.Platform.Abstractions/Ago.Platform.Abstractions.csproj" />
    <Project Path="src/Ago.Platform.Caching.Redis/Ago.Platform.Caching.Redis.csproj" />
    <Project Path="src/Ago.Platform.Hosting/Ago.Platform.Hosting.csproj" />
    <Project Path="src/Ago.Platform.Kernel/Ago.Platform.Kernel.csproj" />
    <Project Path="src/Ago.Platform.Messaging.RabbitMq/Ago.Platform.Messaging.RabbitMq.csproj" />
    <Project Path="src/Ago.Platform.Persistence.Postgres/Ago.Platform.Persistence.Postgres.csproj" />
    <Project Path="src/Ago.Platform.Realtime/Ago.Platform.Realtime.csproj" />
    <Project Path="src/Ago.Platform.Storage.S3/Ago.Platform.Storage.S3.csproj" />
  </Folder>
  <Folder Name="/tests/">
    <Project Path="tests/Ago.Platform.Architecture.Tests/Ago.Platform.Architecture.Tests.csproj" />
    <Project Path="tests/Ago.Platform.Integration.Tests/Ago.Platform.Integration.Tests.csproj" />
    <Project Path="tests/Ago.Platform.Tests/Ago.Platform.Tests.csproj" />
  </Folder>
</Solution>
